# THIS IS AN AUTOGENERATED FILE. DO NOT EDIT THIS FILE DIRECTLY.
# yarn lockfile v1


"@types/node@^7.0.22":
  version "7.0.22"
  resolved "https://registry.yarnpkg.com/@types/node/-/node-7.0.22.tgz#4593f4d828bdd612929478ea40c67b4f403ca255"

atob@^2.0.3:
  version "2.0.3"
  resolved "https://registry.yarnpkg.com/atob/-/atob-2.0.3.tgz#19c7a760473774468f20b2d2d03372ad7d4cbf5d"

btoa@^1.1.2:
  version "1.1.2"
  resolved "https://registry.yarnpkg.com/btoa/-/btoa-1.1.2.tgz#3e40b81663f81d2dd6596a4cb714a8dc16cfabe0"

typescript@^2.3.3:
  version "2.3.3"
  resolved "https://registry.yarnpkg.com/typescript/-/typescript-2.3.3.tgz#9639f3c3b40148e8ca97fe08a51dd1891bb6be22"

varint@^5.0.0:
  version "5.0.0"
  resolved "https://registry.yarnpkg.com/varint/-/varint-5.0.0.tgz#d826b89f7490732fabc0c0ed693ed475dcb29ebf"
